// !$*UTF8*$!
{
	archiveVersion = 1;
	classes = {
	};
	objectVersion = 46;
	objects = {

/* Begin PBXBuildFile section */
		445EF9DF1D099F6D00F80E02 /* AppDelegate.swift in Sources */ = {isa = PBXBuildFile; fileRef = 445EF9DE1D099F6D00F80E02 /* AppDelegate.swift */; };
		445EF9E11D099F6D00F80E02 /* ViewController.swift in Sources */ = {isa = PBXBuildFile; fileRef = 445EF9E01D099F6D00F80E02 /* ViewController.swift */; };
		445EF9E41D099F6D00F80E02 /* Main.storyboard in Resources */ = {isa = PBXBuildFile; fileRef = 445EF9E21D099F6D00F80E02 /* Main.storyboard */; };
		445EF9E61D099F6D00F80E02 /* Assets.xcassets in Resources */ = {isa = PBXBuildFile; fileRef = 445EF9E51D099F6D00F80E02 /* Assets.xcassets */; };
		445EF9E91D099F6D00F80E02 /* LaunchScreen.storyboard in Resources */ = {isa = PBXBuildFile; fileRef = 445EF9E71D099F6D00F80E02 /* LaunchScreen.storyboard */; };
		445EF9F21D09B52600F80E02 /* CalculatorBrain.swift in Sources */ = {isa = PBXBuildFile; fileRef = 445EF9F11D09B52600F80E02 /* CalculatorBrain.swift */; };
/* End PBXBuildFile section */

/* Begin PBXFileReference section */
		445EF9DB1D099F6D00F80E02 /* Calculator.app */ = {isa = PBXFileReference; explicitFileType = wrapper.application; includeInIndex = 0; path = Calculator.app; sourceTree = BUILT_PRODUCTS_DIR; };
		445EF9DE1D099F6D00F80E02 /* AppDelegate.swift */ = {isa = PBXFileReference; lastKnownFileType = sourcecode.swift; path = AppDelegate.swift; sourceTree = "<group>"; };
		445EF9E01D099F6D00F80E02 /* ViewController.swift */ = {isa = PBXFileReference; lastKnownFileType = sourcecode.swift; path = ViewController.swift; sourceTree = "<group>"; };
		445EF9E31D099F6D00F80E02 /* Base */ = {isa = PBXFileReference; lastKnownFileType = file.storyboard; name = Base; path = Base.lproj/Main.storyboard; sourceTree = "<group>"; };
		445EF9E51D099F6D00F80E02 /* Assets.xcassets */ = {isa = PBXFileReference; lastKnownFileType = folder.assetcatalog; path = Assets.xcassets; sourceTree = "<group>"; };
		445EF9E81D099F6D00F80E02 /* Base */ = {isa = PBXFileReference; lastKnownFileType = file.storyboard; name = Base; path = Base.lproj/LaunchScreen.storyboard; sourceTree = "<group>"; };
		445EF9EA1D099F6D00F80E02 /* Info.plist */ = {isa = PBXFileReference; lastKnownFileType = text.plist.xml; path = Info.plist; sourceTree = "<group>"; };
		445EF9F11D09B52600F80E02 /* CalculatorBrain.swift */ = {isa = PBXFileReference; fileEncoding = 4; lastKnownFileType = sourcecode.swift; path = CalculatorBrain.swift; sourceTree = "<group>"; };
/* End PBXFileReference section */

/* Begin PBXFrameworksBuildPhase section */
		445EF9D81D099F6D00F80E02 /* Frameworks */ = {
			isa = PBXFrameworksBuildPhase;
			buildActionMask = 2147483647;
			files = (
			);
			runOnlyForDeploymentPostprocessing = 0;
		};
/* End PBXFrameworksBuildPhase section */

/* Begin PBXGroup section */
		445EF9D21D099F6D00F80E02 = {
			isa = PBXGroup;
			children = (
				445EF9DD1D099F6D00F80E02 /* Calculator */,
				445EF9DC1D099F6D00F80E02 /* Products */,
			);
			sourceTree = "<group>";
		};
		445EF9DC1D099F6D00F80E02 /* Products */ = {
			isa = PBXGroup;
			children = (
				445EF9DB1D099F6D00F80E02 /* Calculator.app */,
			);
			name = Products;
			sourceTree = "<group>";
		};
		445EF9DD1D099F6D00F80E02 /* Calculator */ = {
			isa = PBXGroup;
			children = (
				445EF9E01D099F6D00F80E02 /* ViewController.swift */,
				445EF9E21D099F6D00F80E02 /* Main.storyboard */,
				445EF9F11D09B52600F80E02 /* CalculatorBrain.swift */,
				445EF9F01D09A34A00F80E02 /* Supporting Files */,
			);
			path = Calculator;
			sourceTree = "<group>";
		};
		445EF9F01D09A34A00F80E02 /* Supporting Files */ = {
			isa = PBXGroup;
			children = (
				445EF9DE1D099F6D00F80E02 /* AppDelegate.swift */,
				445EF9E51D099F6D00F80E02 /* Assets.xcassets */,
				445EF9E71D099F6D00F80E02 /* LaunchScreen.storyboard */,
				445EF9EA1D099F6D00F80E02 /* Info.plist */,
			);
			name = "Supporting Files";
			sourceTree = "<group>";
		};
/* End PBXGroup section */

/* Begin PBXNativeTarget section */
		445EF9DA1D099F6D00F80E02 /* Calculator */ = {
			isa = PBXNativeTarget;
			buildConfigurationList = 445EF9ED1D099F6D00F80E02 /* Build configuration list for PBXNativeTarget "Calculator" */;
			buildPhases = (
				445EF9D71D099F6D00F80E02 /* Sources */,
				445EF9D81D099F6D00F80E02 /* Frameworks */,
				445EF9D91D099F6D00F80E02 /* Resources */,
			);
			buildRules = (
			);
			dependencies = (
			);
			name = Calculator;
			productName = Calculator;
			productReference = 445EF9DB1D099F6D00F80E02 /* Calculator.app */;
			productType = "com.apple.product-type.application";
		};
/* End PBXNativeTarget section */

/* Begin PBXProject section */
		445EF9D31D099F6D00F80E02 /* Project object */ = {
			isa = PBXProject;
			attributes = {
				LastSwiftUpdateCheck = 0730;
				LastUpgradeCheck = 0730;
				ORGANIZATIONNAME = "MoussyPad Limited Company";
				TargetAttributes = {
					445EF9DA1D099F6D00F80E02 = {
						CreatedOnToolsVersion = 7.3.1;
						DevelopmentTeam = 8443KL763W;
					};
				};
			};
			buildConfigurationList = 445EF9D61D099F6D00F80E02 /* Build configuration list for PBXProject "Calculator" */;
			compatibilityVersion = "Xcode 3.2";
			developmentRegion = English;
			hasScannedForEncodings = 0;
			knownRegions = (
				en,
				Base,
			);
			mainGroup = 445EF9D21D099F6D00F80E02;
			productRefGroup = 445EF9DC1D099F6D00F80E02 /* Products */;
			projectDirPath = "";
			projectRoot = "";
			targets = (
				445EF9DA1D099F6D00F80E02 /* Calculator */,
			);
		};
/* End PBXProject section */

/* Begin PBXResourcesBuildPhase section */
		445EF9D91D099F6D00F80E02 /* Resources */ = {
			isa = PBXResourcesBuildPhase;
			buildActionMask = 2147483647;
			files = (
				445EF9E91D099F6D00F80E02 /* LaunchScreen.storyboard in Resources */,
				445EF9E61D099F6D00F80E02 /* Assets.xcassets in Resources */,
				445EF9E41D099F6D00F80E02 /* Main.storyboard in Resources */,
			);
			runOnlyForDeploymentPostprocessing = 0;
		};
/* End PBXResourcesBuildPhase section */

/* Begin PBXSourcesBuildPhase section */
		445EF9D71D099F6D00F80E02 /* Sources */ = {
			isa = PBXSourcesBuildPhase;
			buildActionMask = 2147483647;
			files = (
				445EF9F21D09B52600F80E02 /* CalculatorBrain.swift in Sources */,
				445EF9E11D099F6D00F80E02 /* ViewController.swift in Sources */,
				445EF9DF1D099F6D00F80E02 /* AppDelegate.swift in Sources */,
			);
			runOnlyForDeploymentPostprocessing = 0;
		};
/* End PBXSourcesBuildPhase section */

/* Begin PBXVariantGroup section */
		445EF9E21D099F6D00F80E02 /* Main.storyboard */ = {
			isa = PBXVariantGroup;
			children = (
				445EF9E31D099F6D00F80E02 /* Base */,
			);
			name = Main.storyboard;
			sourceTree = "<group>";
		};
		445EF9E71D099F6D00F80E02 /* LaunchScreen.storyboard */ = {
			isa = PBXVariantGroup;
			children = (
				445EF9E81D099F6D00F80E02 /* Base */,
			);
			name = LaunchScreen.storyboard;
			sourceTree = "<group>";
		};
/* End PBXVariantGroup section */

/* Begin XCBuildConfiguration section */
		445EF9EB1D099F6D00F80E02 /* Debug */ = {
			isa = XCBuildConfiguration;
			buildSettings = {
				ALWAYS_SEARCH_USER_PATHS = NO;
				CLANG_ANALYZER_NONNULL = YES;
				CLANG_CXX_LANGUAGE_STANDARD = "gnu++0x";
				CLANG_CXX_LIBRARY = "libc++";
				CLANG_ENABLE_MODULES = YES;
				CLANG_ENABLE_OBJC_ARC = YES;
				CLANG_WARN_BOOL_CONVERSION = YES;
				CLANG_WARN_CONSTANT_CONVERSION = YES;
				CLANG_WARN_DIRECT_OBJC_ISA_USAGE = YES_ERROR;
				CLANG_WARN_EMPTY_BODY = YES;
				CLANG_WARN_ENUM_CONVERSION = YES;
				CLANG_WARN_INT_CONVERSION = YES;
				CLANG_WARN_OBJC_ROOT_CLASS = YES_ERROR;
				CLANG_WARN_UNREACHABLE_CODE = YES;
				CLANG_WARN__DUPLICATE_METHOD_MATCH = YES;
				"CODE_SIGN_IDENTITY[sdk=iphoneos*]" = "iPhone Developer";
				COPY_PHASE_STRIP = NO;
				DEBUG_INFORMATION_FORMAT = dwarf;
				ENABLE_STRICT_OBJC_MSGSEND = YES;
				ENABLE_TESTABILITY = YES;
				GCC_C_LANGUAGE_STANDARD = gnu99;
				GCC_DYNAMIC_NO_PIC = NO;
				GCC_NO_COMMON_BLOCKS = YES;
				GCC_OPTIMIZATION_LEVEL = 0;
				GCC_PREPROCESSOR_DEFINITIONS = (
					"DEBUG=1",
					"$(inherited)",
				);
				GCC_WARN_64_TO_32_BIT_CONVERSION = YES;
				GCC_WARN_ABOUT_RETURN_TYPE = YES_ERROR;
				GCC_WARN_UNDECLARED_SELECTOR = YES;
				GCC_WARN_UNINITIALIZED_AUTOS = YES_AGGRESSIVE;
				GCC_WARN_UNUSED_FUNCTION = YES;
				GCC_WARN_UNUSED_VARIABLE = YES;
				IPHONEOS_DEPLOYMENT_TARGET = 9.3;
				MTL_ENABLE_DEBUG_INFO = YES;
				ONLY_ACTIVE_ARCH = YES;
				SDKROOT = iphoneos;
				SWIFT_OPTIMIZATION_LEVEL = "-Onone";
				TARGETED_DEVICE_FAMILY = "1,2";
			};
			name = Debug;
		};
		445EF9EC1D099F6D00F80E02 /* Release */ = {
			isa = XCBuildConfiguration;
			buildSettings = {
				ALWAYS_SEARCH_USER_PATHS = NO;
				CLANG_ANALYZER_NONNULL = YES;
				CLANG_CXX_LANGUAGE_STANDARD = "gnu++0x";
				CLANG_CXX_LIBRARY = "libc++";
				CLANG_ENABLE_MODULES = YES;
				CLANG_ENABLE_OBJC_ARC = YES;
				CLANG_WARN_BOOL_CONVERSION = YES;
				CLANG_WARN_CONSTANT_CONVERSION = YES;
				CLANG_WARN_DIRECT_OBJC_ISA_USAGE = YES_ERROR;
				CLANG_WARN_EMPTY_BODY = YES;
				CLANG_WARN_ENUM_CONVERSION = YES;
				CLANG_WARN_INT_CONVERSION = YES;
				CLANG_WARN_OBJC_ROOT_CLASS = YES_ERROR;
				CLANG_WARN_UNREACHABLE_CODE = YES;
				CLANG_WARN__DUPLICATE_METHOD_MATCH = YES;
				"CODE_SIGN_IDENTITY[sdk=iphoneos*]" = "iPhone Developer";
				COPY_PHASE_STRIP = NO;
				DEBUG_INFORMATION_FORMAT = "dwarf-with-dsym";
				ENABLE_NS_ASSERTIONS = NO;
				ENABLE_STRICT_OBJC_MSGSEND = YES;
				GCC_C_LANGUAGE_STANDARD = gnu99;
				GCC_NO_COMMON_BLOCKS = YES;
				GCC_WARN_64_TO_32_BIT_CONVERSION = YES;
				GCC_WARN_ABOUT_RETURN_TYPE = YES_ERROR;
				GCC_WARN_UNDECLARED_SELECTOR = YES;
				GCC_WARN_UNINITIALIZED_AUTOS = YES_AGGRESSIVE;
				GCC_WARN_UNUSED_FUNCTION = YES;
				GCC_WARN_UNUSED_VARIABLE = YES;
				IPHONEOS_DEPLOYMENT_TARGET = 9.3;
				MTL_ENABLE_DEBUG_INFO = NO;
				SDKROOT = iphoneos;
				TARGETED_DEVICE_FAMILY = "1,2";
				VALIDATE_PRODUCT = YES;
			};
			name = Release;
		};
		445EF9EE1D099F6D00F80E02 /* Debug */ = {
			isa = XCBuildConfiguration;
			buildSettings = {
				ASSETCATALOG_COMPILER_APPICON_NAME = AppIcon;
				CODE_SIGN_IDENTITY = "iPhone Developer";
				INFOPLIST_FILE = Calculator/Info.plist;
				LD_RUNPATH_SEARCH_PATHS = "$(inherited) @executable_path/Frameworks";
				PRODUCT_BUNDLE_IDENTIFIER = com.moussypad.Calculator;
				PRODUCT_NAME = "$(TARGET_NAME)";
			};
			name = Debug;
		};
		445EF9EF1D099F6D00F80E02 /* Release */ = {
			isa = XCBuildConfiguration;
			buildSettings = {
				ASSETCATALOG_COMPILER_APPICON_NAME = AppIcon;
				CODE_SIGN_IDENTITY = "iPhone Developer";
				INFOPLIST_FILE = Calculator/Info.plist;
				LD_RUNPATH_SEARCH_PATHS = "$(inherited) @executable_path/Frameworks";
				PRODUCT_BUNDLE_IDENTIFIER = com.moussypad.Calculator;
				PRODUCT_NAME = "$(TARGET_NAME)";
			};
			name = Release;
		};
/* End XCBuildConfiguration section */

/* Begin XCConfigurationList section */
		445EF9D61D099F6D00F80E02 /* Build configuration list for PBXProject "Calculator" */ = {
			isa = XCConfigurationList;
			buildConfigurations = (
				445EF9EB1D099F6D00F80E02 /* Debug */,
				445EF9EC1D099F6D00F80E02 /* Release */,
			);
			defaultConfigurationIsVisible = 0;
			defaultConfigurationName = Release;
		};
		445EF9ED1D099F6D00F80E02 /* Build configuration list for PBXNativeTarget "Calculator" */ = {
			isa = XCConfigurationList;
			buildConfigurations = (
				445EF9EE1D099F6D00F80E02 /* Debug */,
				445EF9EF1D099F6D00F80E02 /* Release */,
			);
			defaultConfigurationIsVisible = 0;
		};
/* End XCConfigurationList section */
	};
	rootObject = 445EF9D31D099F6D00F80E02 /* Project object */;
}
